PODS:
  - ImageSlideshow (1.9.1):
    - ImageSlideshow/Core (= 1.9.1)
  - ImageSlideshow/Core (1.9.1)
  - ImageSlideshow/Kingfisher (1.9.1):
    - ImageSlideshow/Core
    - Kingfisher (> 3.0)
  - Kingfisher (5.15.6):
    - Kingfisher/Core (= 5.15.6)
  - Kingfisher/Core (5.15.6)

DEPENDENCIES:
  - ImageSlideshow (~> 1.9.0)
  - ImageSlideshow/Kingfisher

SPEC REPOS:
  trunk:
    - ImageSlideshow
    - Kingfisher

SPEC CHECKSUMS:
  ImageSlideshow: 67184be896a28472bd3b906c33ce4e0734aa3d22
  Kingfisher: b3554e7bf6106115b44e8795300bad580ef2fdc7

PODFILE CHECKSUM: 3ae213d36aa7586f3282fffc8b4ce7d607a21905

COCOAPODS: 1.9.3
